// !$*UTF8*$!
{
	archiveVersion = 1;
	classes = {
	};
	objectVersion = 46;
	objects = {

/* Begin PBXBuildFile section */
		927179721CD8E2930087DEA1 /* main.m in Sources */ = {isa = PBXBuildFile; fileRef = 927179711CD8E2930087DEA1 /* main.m */; };
		927179751CD8E2930087DEA1 /* AppDelegate.m in Sources */ = {isa = PBXBuildFile; fileRef = 927179741CD8E2930087DEA1 /* AppDelegate.m */; };
		9271797D1CD8E2930087DEA1 /* Assets.xcassets in Resources */ = {isa = PBXBuildFile; fileRef = 9271797C1CD8E2930087DEA1 /* Assets.xcassets */; };
		927179951CD8E34D0087DEA1 /* LMOBalanceResponse.m in Sources */ = {isa = PBXBuildFile; fileRef = 9271798A1CD8E34D0087DEA1 /* LMOBalanceResponse.m */; };
		927179961CD8E34D0087DEA1 /* LMOClient.m in Sources */ = {isa = PBXBuildFile; fileRef = 9271798C1CD8E34D0087DEA1 /* LMOClient.m */; };
		927179971CD8E34D0087DEA1 /* LMOPricesResponse.m in Sources */ = {isa = PBXBuildFile; fileRef = 9271798E1CD8E34D0087DEA1 /* LMOPricesResponse.m */; };
		927179981CD8E34D0087DEA1 /* LMOSMSData.m in Sources */ = {isa = PBXBuildFile; fileRef = 927179901CD8E34D0087DEA1 /* LMOSMSData.m */; };
		927179991CD8E34D0087DEA1 /* LMOSMSResponse.m in Sources */ = {isa = PBXBuildFile; fileRef = 927179921CD8E34D0087DEA1 /* LMOSMSResponse.m */; };
		927179AA1CD8E4CF0087DEA1 /* BalanceViewController.m in Sources */ = {isa = PBXBuildFile; fileRef = 9271799E1CD8E4CF0087DEA1 /* BalanceViewController.m */; };
		927179AB1CD8E4CF0087DEA1 /* MainTableViewController.m in Sources */ = {isa = PBXBuildFile; fileRef = 927179A01CD8E4CF0087DEA1 /* MainTableViewController.m */; };
		927179AC1CD8E4CF0087DEA1 /* OTPTableViewController.m in Sources */ = {isa = PBXBuildFile; fileRef = 927179A21CD8E4CF0087DEA1 /* OTPTableViewController.m */; };
		927179AD1CD8E4CF0087DEA1 /* PricesResultsTableViewController.m in Sources */ = {isa = PBXBuildFile; fileRef = 927179A41CD8E4CF0087DEA1 /* PricesResultsTableViewController.m */; };
		927179AE1CD8E4CF0087DEA1 /* PricesTableViewController.m in Sources */ = {isa = PBXBuildFile; fileRef = 927179A61CD8E4CF0087DEA1 /* PricesTableViewController.m */; };
		927179AF1CD8E4CF0087DEA1 /* SendSMSTableViewController.m in Sources */ = {isa = PBXBuildFile; fileRef = 927179A81CD8E4CF0087DEA1 /* SendSMSTableViewController.m */; };
		927179B41CD8E5470087DEA1 /* LaunchScreen.storyboard in Resources */ = {isa = PBXBuildFile; fileRef = 927179B21CD8E5470087DEA1 /* LaunchScreen.storyboard */; };
		927179B51CD8E5470087DEA1 /* Main.storyboard in Resources */ = {isa = PBXBuildFile; fileRef = 927179B31CD8E5470087DEA1 /* Main.storyboard */; };
		927179DC1CD909D90087DEA1 /* XMLDictionary.m in Sources */ = {isa = PBXBuildFile; fileRef = 927179DB1CD909D90087DEA1 /* XMLDictionary.m */; };
/* End PBXBuildFile section */

/* Begin PBXFileReference section */
		9271796D1CD8E2930087DEA1 /* LabsMobile.app */ = {isa = PBXFileReference; explicitFileType = wrapper.application; includeInIndex = 0; path = LabsMobile.app; sourceTree = BUILT_PRODUCTS_DIR; };
		927179711CD8E2930087DEA1 /* main.m */ = {isa = PBXFileReference; lastKnownFileType = sourcecode.c.objc; path = main.m; sourceTree = "<group>"; };
		927179731CD8E2930087DEA1 /* AppDelegate.h */ = {isa = PBXFileReference; lastKnownFileType = sourcecode.c.h; path = AppDelegate.h; sourceTree = "<group>"; };
		927179741CD8E2930087DEA1 /* AppDelegate.m */ = {isa = PBXFileReference; lastKnownFileType = sourcecode.c.objc; path = AppDelegate.m; sourceTree = "<group>"; };
		9271797C1CD8E2930087DEA1 /* Assets.xcassets */ = {isa = PBXFileReference; lastKnownFileType = folder.assetcatalog; path = Assets.xcassets; sourceTree = "<group>"; };
		927179811CD8E2930087DEA1 /* Info.plist */ = {isa = PBXFileReference; lastKnownFileType = text.plist.xml; path = Info.plist; sourceTree = "<group>"; };
		927179881CD8E34D0087DEA1 /* LabsMobile.h */ = {isa = PBXFileReference; fileEncoding = 4; lastKnownFileType = sourcecode.c.h; path = LabsMobile.h; sourceTree = "<group>"; };
		927179891CD8E34D0087DEA1 /* LMOBalanceResponse.h */ = {isa = PBXFileReference; fileEncoding = 4; lastKnownFileType = sourcecode.c.h; path = LMOBalanceResponse.h; sourceTree = "<group>"; };
		9271798A1CD8E34D0087DEA1 /* LMOBalanceResponse.m */ = {isa = PBXFileReference; fileEncoding = 4; lastKnownFileType = sourcecode.c.objc; path = LMOBalanceResponse.m; sourceTree = "<group>"; };
		9271798B1CD8E34D0087DEA1 /* LMOClient.h */ = {isa = PBXFileReference; fileEncoding = 4; lastKnownFileType = sourcecode.c.h; path = LMOClient.h; sourceTree = "<group>"; };
		9271798C1CD8E34D0087DEA1 /* LMOClient.m */ = {isa = PBXFileReference; fileEncoding = 4; lastKnownFileType = sourcecode.c.objc; path = LMOClient.m; sourceTree = "<group>"; };
		9271798D1CD8E34D0087DEA1 /* LMOPricesResponse.h */ = {isa = PBXFileReference; fileEncoding = 4; lastKnownFileType = sourcecode.c.h; path = LMOPricesResponse.h; sourceTree = "<group>"; };
		9271798E1CD8E34D0087DEA1 /* LMOPricesResponse.m */ = {isa = PBXFileReference; fileEncoding = 4; lastKnownFileType = sourcecode.c.objc; path = LMOPricesResponse.m; sourceTree = "<group>"; };
		9271798F1CD8E34D0087DEA1 /* LMOSMSData.h */ = {isa = PBXFileReference; fileEncoding = 4; lastKnownFileType = sourcecode.c.h; path = LMOSMSData.h; sourceTree = "<group>"; };
		927179901CD8E34D0087DEA1 /* LMOSMSData.m */ = {isa = PBXFileReference; fileEncoding = 4; lastKnownFileType = sourcecode.c.objc; path = LMOSMSData.m; sourceTree = "<group>"; };
		927179911CD8E34D0087DEA1 /* LMOSMSResponse.h */ = {isa = PBXFileReference; fileEncoding = 4; lastKnownFileType = sourcecode.c.h; path = LMOSMSResponse.h; sourceTree = "<group>"; };
		927179921CD8E34D0087DEA1 /* LMOSMSResponse.m */ = {isa = PBXFileReference; fileEncoding = 4; lastKnownFileType = sourcecode.c.objc; path = LMOSMSResponse.m; sourceTree = "<group>"; };
		9271799D1CD8E4CF0087DEA1 /* BalanceViewController.h */ = {isa = PBXFileReference; fileEncoding = 4; lastKnownFileType = sourcecode.c.h; path = BalanceViewController.h; sourceTree = "<group>"; };
		9271799E1CD8E4CF0087DEA1 /* BalanceViewController.m */ = {isa = PBXFileReference; fileEncoding = 4; lastKnownFileType = sourcecode.c.objc; path = BalanceViewController.m; sourceTree = "<group>"; };
		9271799F1CD8E4CF0087DEA1 /* MainTableViewController.h */ = {isa = PBXFileReference; fileEncoding = 4; lastKnownFileType = sourcecode.c.h; path = MainTableViewController.h; sourceTree = "<group>"; };
		927179A01CD8E4CF0087DEA1 /* MainTableViewController.m */ = {isa = PBXFileReference; fileEncoding = 4; lastKnownFileType = sourcecode.c.objc; path = MainTableViewController.m; sourceTree = "<group>"; };
		927179A11CD8E4CF0087DEA1 /* OTPTableViewController.h */ = {isa = PBXFileReference; fileEncoding = 4; lastKnownFileType = sourcecode.c.h; path = OTPTableViewController.h; sourceTree = "<group>"; };
		927179A21CD8E4CF0087DEA1 /* OTPTableViewController.m */ = {isa = PBXFileReference; fileEncoding = 4; lastKnownFileType = sourcecode.c.objc; path = OTPTableViewController.m; sourceTree = "<group>"; };
		927179A31CD8E4CF0087DEA1 /* PricesResultsTableViewController.h */ = {isa = PBXFileReference; fileEncoding = 4; lastKnownFileType = sourcecode.c.h; path = PricesResultsTableViewController.h; sourceTree = "<group>"; };
		927179A41CD8E4CF0087DEA1 /* PricesResultsTableViewController.m */ = {isa = PBXFileReference; fileEncoding = 4; lastKnownFileType = sourcecode.c.objc; path = PricesResultsTableViewController.m; sourceTree = "<group>"; };
		927179A51CD8E4CF0087DEA1 /* PricesTableViewController.h */ = {isa = PBXFileReference; fileEncoding = 4; lastKnownFileType = sourcecode.c.h; path = PricesTableViewController.h; sourceTree = "<group>"; };
		927179A61CD8E4CF0087DEA1 /* PricesTableViewController.m */ = {isa = PBXFileReference; fileEncoding = 4; lastKnownFileType = sourcecode.c.objc; path = PricesTableViewController.m; sourceTree = "<group>"; };
		927179A71CD8E4CF0087DEA1 /* SendSMSTableViewController.h */ = {isa = PBXFileReference; fileEncoding = 4; lastKnownFileType = sourcecode.c.h; path = SendSMSTableViewController.h; sourceTree = "<group>"; };
		927179A81CD8E4CF0087DEA1 /* SendSMSTableViewController.m */ = {isa = PBXFileReference; fileEncoding = 4; lastKnownFileType = sourcecode.c.objc; path = SendSMSTableViewController.m; sourceTree = "<group>"; };
		927179B21CD8E5470087DEA1 /* LaunchScreen.storyboard */ = {isa = PBXFileReference; fileEncoding = 4; lastKnownFileType = file.storyboard; path = LaunchScreen.storyboard; sourceTree = "<group>"; };
		927179B31CD8E5470087DEA1 /* Main.storyboard */ = {isa = PBXFileReference; fileEncoding = 4; lastKnownFileType = file.storyboard; path = Main.storyboard; sourceTree = "<group>"; };
		927179DA1CD909D90087DEA1 /* XMLDictionary.h */ = {isa = PBXFileReference; fileEncoding = 4; lastKnownFileType = sourcecode.c.h; path = XMLDictionary.h; sourceTree = "<group>"; };
		927179DB1CD909D90087DEA1 /* XMLDictionary.m */ = {isa = PBXFileReference; fileEncoding = 4; lastKnownFileType = sourcecode.c.objc; path = XMLDictionary.m; sourceTree = "<group>"; };
/* End PBXFileReference section */

/* Begin PBXFrameworksBuildPhase section */
		9271796A1CD8E2930087DEA1 /* Frameworks */ = {
			isa = PBXFrameworksBuildPhase;
			buildActionMask = 2147483647;
			files = (
			);
			runOnlyForDeploymentPostprocessing = 0;
		};
/* End PBXFrameworksBuildPhase section */

/* Begin PBXGroup section */
		927179641CD8E2930087DEA1 = {
			isa = PBXGroup;
			children = (
				927179871CD8E34D0087DEA1 /* LabsMobile SDK */,
				9271796F1CD8E2930087DEA1 /* LabsMobile */,
				9271796E1CD8E2930087DEA1 /* Products */,
			);
			sourceTree = "<group>";
		};
		9271796E1CD8E2930087DEA1 /* Products */ = {
			isa = PBXGroup;
			children = (
				9271796D1CD8E2930087DEA1 /* LabsMobile.app */,
			);
			name = Products;
			sourceTree = "<group>";
		};
		9271796F1CD8E2930087DEA1 /* LabsMobile */ = {
			isa = PBXGroup;
			children = (
				927179811CD8E2930087DEA1 /* Info.plist */,
				9271797C1CD8E2930087DEA1 /* Assets.xcassets */,
				927179B21CD8E5470087DEA1 /* LaunchScreen.storyboard */,
				927179731CD8E2930087DEA1 /* AppDelegate.h */,
				927179741CD8E2930087DEA1 /* AppDelegate.m */,
				927179B31CD8E5470087DEA1 /* Main.storyboard */,
				9271799F1CD8E4CF0087DEA1 /* MainTableViewController.h */,
				927179A01CD8E4CF0087DEA1 /* MainTableViewController.m */,
				927179A71CD8E4CF0087DEA1 /* SendSMSTableViewController.h */,
				927179A81CD8E4CF0087DEA1 /* SendSMSTableViewController.m */,
				9271799D1CD8E4CF0087DEA1 /* BalanceViewController.h */,
				9271799E1CD8E4CF0087DEA1 /* BalanceViewController.m */,
				927179A31CD8E4CF0087DEA1 /* PricesResultsTableViewController.h */,
				927179A41CD8E4CF0087DEA1 /* PricesResultsTableViewController.m */,
				927179A51CD8E4CF0087DEA1 /* PricesTableViewController.h */,
				927179A61CD8E4CF0087DEA1 /* PricesTableViewController.m */,
				927179A11CD8E4CF0087DEA1 /* OTPTableViewController.h */,
				927179A21CD8E4CF0087DEA1 /* OTPTableViewController.m */,
				927179701CD8E2930087DEA1 /* Supporting Files */,
			);
			path = LabsMobile;
			sourceTree = "<group>";
		};
		927179701CD8E2930087DEA1 /* Supporting Files */ = {
			isa = PBXGroup;
			children = (
				927179711CD8E2930087DEA1 /* main.m */,
			);
			name = "Supporting Files";
			sourceTree = "<group>";
		};
		927179871CD8E34D0087DEA1 /* LabsMobile SDK */ = {
			isa = PBXGroup;
			children = (
				927179D91CD909D90087DEA1 /* XMLDictionary */,
				927179881CD8E34D0087DEA1 /* LabsMobile.h */,
				9271798B1CD8E34D0087DEA1 /* LMOClient.h */,
				9271798C1CD8E34D0087DEA1 /* LMOClient.m */,
				9271798F1CD8E34D0087DEA1 /* LMOSMSData.h */,
				927179901CD8E34D0087DEA1 /* LMOSMSData.m */,
				927179911CD8E34D0087DEA1 /* LMOSMSResponse.h */,
				927179921CD8E34D0087DEA1 /* LMOSMSResponse.m */,
				927179891CD8E34D0087DEA1 /* LMOBalanceResponse.h */,
				9271798A1CD8E34D0087DEA1 /* LMOBalanceResponse.m */,
				9271798D1CD8E34D0087DEA1 /* LMOPricesResponse.h */,
				9271798E1CD8E34D0087DEA1 /* LMOPricesResponse.m */,
			);
			path = "LabsMobile SDK";
			sourceTree = "<group>";
		};
		927179D91CD909D90087DEA1 /* XMLDictionary */ = {
			isa = PBXGroup;
			children = (
				927179DA1CD909D90087DEA1 /* XMLDictionary.h */,
				927179DB1CD909D90087DEA1 /* XMLDictionary.m */,
			);
			path = XMLDictionary;
			sourceTree = "<group>";
		};
/* End PBXGroup section */

/* Begin PBXNativeTarget section */
		9271796C1CD8E2930087DEA1 /* LabsMobile */ = {
			isa = PBXNativeTarget;
			buildConfigurationList = 927179841CD8E2930087DEA1 /* Build configuration list for PBXNativeTarget "LabsMobile" */;
			buildPhases = (
				927179691CD8E2930087DEA1 /* Sources */,
				9271796A1CD8E2930087DEA1 /* Frameworks */,
				9271796B1CD8E2930087DEA1 /* Resources */,
			);
			buildRules = (
			);
			dependencies = (
			);
			name = LabsMobile;
			productName = LabsMobile;
			productReference = 9271796D1CD8E2930087DEA1 /* LabsMobile.app */;
			productType = "com.apple.product-type.application";
		};
/* End PBXNativeTarget section */

/* Begin PBXProject section */
		927179651CD8E2930087DEA1 /* Project object */ = {
			isa = PBXProject;
			attributes = {
				LastUpgradeCheck = 0730;
				ORGANIZATIONNAME = LabsMobile;
				TargetAttributes = {
					9271796C1CD8E2930087DEA1 = {
						CreatedOnToolsVersion = 7.3;
					};
				};
			};
			buildConfigurationList = 927179681CD8E2930087DEA1 /* Build configuration list for PBXProject "LabsMobile" */;
			compatibilityVersion = "Xcode 3.2";
			developmentRegion = English;
			hasScannedForEncodings = 0;
			knownRegions = (
				en,
			);
			mainGroup = 927179641CD8E2930087DEA1;
			productRefGroup = 9271796E1CD8E2930087DEA1 /* Products */;
			projectDirPath = "";
			projectRoot = "";
			targets = (
				9271796C1CD8E2930087DEA1 /* LabsMobile */,
			);
		};
/* End PBXProject section */

/* Begin PBXResourcesBuildPhase section */
		9271796B1CD8E2930087DEA1 /* Resources */ = {
			isa = PBXResourcesBuildPhase;
			buildActionMask = 2147483647;
			files = (
				927179B51CD8E5470087DEA1 /* Main.storyboard in Resources */,
				9271797D1CD8E2930087DEA1 /* Assets.xcassets in Resources */,
				927179B41CD8E5470087DEA1 /* LaunchScreen.storyboard in Resources */,
			);
			runOnlyForDeploymentPostprocessing = 0;
		};
/* End PBXResourcesBuildPhase section */

/* Begin PBXSourcesBuildPhase section */
		927179691CD8E2930087DEA1 /* Sources */ = {
			isa = PBXSourcesBuildPhase;
			buildActionMask = 2147483647;
			files = (
				927179AB1CD8E4CF0087DEA1 /* MainTableViewController.m in Sources */,
				927179AC1CD8E4CF0087DEA1 /* OTPTableViewController.m in Sources */,
				927179951CD8E34D0087DEA1 /* LMOBalanceResponse.m in Sources */,
				927179AA1CD8E4CF0087DEA1 /* BalanceViewController.m in Sources */,
				927179961CD8E34D0087DEA1 /* LMOClient.m in Sources */,
				927179DC1CD909D90087DEA1 /* XMLDictionary.m in Sources */,
				927179AE1CD8E4CF0087DEA1 /* PricesTableViewController.m in Sources */,
				927179971CD8E34D0087DEA1 /* LMOPricesResponse.m in Sources */,
				927179981CD8E34D0087DEA1 /* LMOSMSData.m in Sources */,
				927179991CD8E34D0087DEA1 /* LMOSMSResponse.m in Sources */,
				927179751CD8E2930087DEA1 /* AppDelegate.m in Sources */,
				927179AF1CD8E4CF0087DEA1 /* SendSMSTableViewController.m in Sources */,
				927179721CD8E2930087DEA1 /* main.m in Sources */,
				927179AD1CD8E4CF0087DEA1 /* PricesResultsTableViewController.m in Sources */,
			);
			runOnlyForDeploymentPostprocessing = 0;
		};
/* End PBXSourcesBuildPhase section */

/* Begin XCBuildConfiguration section */
		927179821CD8E2930087DEA1 /* Debug */ = {
			isa = XCBuildConfiguration;
			buildSettings = {
				ALWAYS_SEARCH_USER_PATHS = NO;
				CLANG_ANALYZER_NONNULL = YES;
				CLANG_CXX_LANGUAGE_STANDARD = "gnu++0x";
				CLANG_CXX_LIBRARY = "libc++";
				CLANG_ENABLE_MODULES = YES;
				CLANG_ENABLE_OBJC_ARC = YES;
				CLANG_WARN_BOOL_CONVERSION = YES;
				CLANG_WARN_CONSTANT_CONVERSION = YES;
				CLANG_WARN_DIRECT_OBJC_ISA_USAGE = YES_ERROR;
				CLANG_WARN_EMPTY_BODY = YES;
				CLANG_WARN_ENUM_CONVERSION = YES;
				CLANG_WARN_INT_CONVERSION = YES;
				CLANG_WARN_OBJC_ROOT_CLASS = YES_ERROR;
				CLANG_WARN_UNREACHABLE_CODE = YES;
				CLANG_WARN__DUPLICATE_METHOD_MATCH = YES;
				"CODE_SIGN_IDENTITY[sdk=iphoneos*]" = "iPhone Developer";
				COPY_PHASE_STRIP = NO;
				DEBUG_INFORMATION_FORMAT = dwarf;
				ENABLE_STRICT_OBJC_MSGSEND = YES;
				ENABLE_TESTABILITY = YES;
				GCC_C_LANGUAGE_STANDARD = gnu99;
				GCC_DYNAMIC_NO_PIC = NO;
				GCC_NO_COMMON_BLOCKS = YES;
				GCC_OPTIMIZATION_LEVEL = 0;
				GCC_PREPROCESSOR_DEFINITIONS = (
					"DEBUG=1",
					"$(inherited)",
				);
				GCC_WARN_64_TO_32_BIT_CONVERSION = YES;
				GCC_WARN_ABOUT_RETURN_TYPE = YES_ERROR;
				GCC_WARN_UNDECLARED_SELECTOR = YES;
				GCC_WARN_UNINITIALIZED_AUTOS = YES_AGGRESSIVE;
				GCC_WARN_UNUSED_FUNCTION = YES;
				GCC_WARN_UNUSED_VARIABLE = YES;
				IPHONEOS_DEPLOYMENT_TARGET = 9.3;
				MTL_ENABLE_DEBUG_INFO = YES;
				ONLY_ACTIVE_ARCH = YES;
				SDKROOT = iphoneos;
				TARGETED_DEVICE_FAMILY = "1,2";
			};
			name = Debug;
		};
		927179831CD8E2930087DEA1 /* Release */ = {
			isa = XCBuildConfiguration;
			buildSettings = {
				ALWAYS_SEARCH_USER_PATHS = NO;
				CLANG_ANALYZER_NONNULL = YES;
				CLANG_CXX_LANGUAGE_STANDARD = "gnu++0x";
				CLANG_CXX_LIBRARY = "libc++";
				CLANG_ENABLE_MODULES = YES;
				CLANG_ENABLE_OBJC_ARC = YES;
				CLANG_WARN_BOOL_CONVERSION = YES;
				CLANG_WARN_CONSTANT_CONVERSION = YES;
				CLANG_WARN_DIRECT_OBJC_ISA_USAGE = YES_ERROR;
				CLANG_WARN_EMPTY_BODY = YES;
				CLANG_WARN_ENUM_CONVERSION = YES;
				CLANG_WARN_INT_CONVERSION = YES;
				CLANG_WARN_OBJC_ROOT_CLASS = YES_ERROR;
				CLANG_WARN_UNREACHABLE_CODE = YES;
				CLANG_WARN__DUPLICATE_METHOD_MATCH = YES;
				"CODE_SIGN_IDENTITY[sdk=iphoneos*]" = "iPhone Developer";
				COPY_PHASE_STRIP = NO;
				DEBUG_INFORMATION_FORMAT = "dwarf-with-dsym";
				ENABLE_NS_ASSERTIONS = NO;
				ENABLE_STRICT_OBJC_MSGSEND = YES;
				GCC_C_LANGUAGE_STANDARD = gnu99;
				GCC_NO_COMMON_BLOCKS = YES;
				GCC_WARN_64_TO_32_BIT_CONVERSION = YES;
				GCC_WARN_ABOUT_RETURN_TYPE = YES_ERROR;
				GCC_WARN_UNDECLARED_SELECTOR = YES;
				GCC_WARN_UNINITIALIZED_AUTOS = YES_AGGRESSIVE;
				GCC_WARN_UNUSED_FUNCTION = YES;
				GCC_WARN_UNUSED_VARIABLE = YES;
				IPHONEOS_DEPLOYMENT_TARGET = 9.3;
				MTL_ENABLE_DEBUG_INFO = NO;
				SDKROOT = iphoneos;
				TARGETED_DEVICE_FAMILY = "1,2";
				VALIDATE_PRODUCT = YES;
			};
			name = Release;
		};
		927179851CD8E2930087DEA1 /* Debug */ = {
			isa = XCBuildConfiguration;
			buildSettings = {
				ASSETCATALOG_COMPILER_APPICON_NAME = AppIcon;
				INFOPLIST_FILE = LabsMobile/Info.plist;
				LD_RUNPATH_SEARCH_PATHS = "$(inherited) @executable_path/Frameworks";
				PRODUCT_BUNDLE_IDENTIFIER = com.labsmobile.LabsMobile;
				PRODUCT_NAME = "$(TARGET_NAME)";
			};
			name = Debug;
		};
		927179861CD8E2930087DEA1 /* Release */ = {
			isa = XCBuildConfiguration;
			buildSettings = {
				ASSETCATALOG_COMPILER_APPICON_NAME = AppIcon;
				INFOPLIST_FILE = LabsMobile/Info.plist;
				LD_RUNPATH_SEARCH_PATHS = "$(inherited) @executable_path/Frameworks";
				PRODUCT_BUNDLE_IDENTIFIER = com.labsmobile.LabsMobile;
				PRODUCT_NAME = "$(TARGET_NAME)";
			};
			name = Release;
		};
/* End XCBuildConfiguration section */

/* Begin XCConfigurationList section */
		927179681CD8E2930087DEA1 /* Build configuration list for PBXProject "LabsMobile" */ = {
			isa = XCConfigurationList;
			buildConfigurations = (
				927179821CD8E2930087DEA1 /* Debug */,
				927179831CD8E2930087DEA1 /* Release */,
			);
			defaultConfigurationIsVisible = 0;
			defaultConfigurationName = Release;
		};
		927179841CD8E2930087DEA1 /* Build configuration list for PBXNativeTarget "LabsMobile" */ = {
			isa = XCConfigurationList;
			buildConfigurations = (
				927179851CD8E2930087DEA1 /* Debug */,
				927179861CD8E2930087DEA1 /* Release */,
			);
			defaultConfigurationIsVisible = 0;
			defaultConfigurationName = Release;
		};
/* End XCConfigurationList section */
	};
	rootObject = 927179651CD8E2930087DEA1 /* Project object */;
}
